
Microsoft Visual Studio Solution File, Format Version 12.00
# Visual Studio 15
VisualStudioVersion = 15.0.25928.0
MinimumVisualStudioVersion = 10.0.40219.1
Project("{2150E333-8FDC-42A3-9474-1A3956D46DE8}") = "src", "src", "{95E81776-CE8F-415A-BF34-F53A1AA06224}"
EndProject
Project("{FAE04EC0-301F-11D3-BF4B-00C04F79EFBC}") = "User.Feedback.AspNetCore", "src\User.Feedback.AspNetCore\User.Feedback.AspNetCore.csproj", "{C1AD13B5-C208-4F60-8432-D963B5295F26}"
EndProject
Global
	GlobalSection(SolutionConfigurationPlatforms) = preSolution
		Debug|Any CPU = Debug|Any CPU
		Release|Any CPU = Release|Any CPU
	EndGlobalSection
	GlobalSection(ProjectConfigurationPlatforms) = postSolution
		{C1AD13B5-C208-4F60-8432-D963B5295F26}.Debug|Any CPU.ActiveCfg = Debug|Any CPU
		{C1AD13B5-C208-4F60-8432-D963B5295F26}.Debug|Any CPU.Build.0 = Debug|Any CPU
		{C1AD13B5-C208-4F60-8432-D963B5295F26}.Release|Any CPU.ActiveCfg = Release|Any CPU
		{C1AD13B5-C208-4F60-8432-D963B5295F26}.Release|Any CPU.Build.0 = Release|Any CPU
	EndGlobalSection
	GlobalSection(SolutionProperties) = preSolution
		HideSolutionNode = FALSE
	EndGlobalSection
	GlobalSection(NestedProjects) = preSolution
		{C1AD13B5-C208-4F60-8432-D963B5295F26} = {95E81776-CE8F-415A-BF34-F53A1AA06224}
	EndGlobalSection
EndGlobal
